
Microsoft Visual Studio Solution File, Format Version 12.00
# Visual Studio Version 17
VisualStudioVersion = 17.6.33717.318
MinimumVisualStudioVersion = 10.0.40219.1
Project("{9A19103F-16F7-4668-BE54-9A1E7A4F7556}") = "Verificador de numero PAR", "Verificador de numero PAR\Verificador de numero PAR.csproj", "{09B8B8C4-3306-4BFB-8090-F63C3BD2BA7A}"
EndProject
Project("{9A19103F-16F7-4668-BE54-9A1E7A4F7556}") = "Numero dobro", "Numero dobro\Numero dobro.csproj", "{5FD57C3F-05B9-4ACD-A966-9709ED4F5646}"
EndProject
Project("{9A19103F-16F7-4668-BE54-9A1E7A4F7556}") = "Calcular Raio do circulo", "Calcular Raio do circulo\Calcular Raio do circulo.csproj", "{D143BE0C-DFB4-40C6-8AA6-3D7ADF814A7F}"
EndProject
Project("{9A19103F-16F7-4668-BE54-9A1E7A4F7556}") = "Conver de celsius para fahrenheit", "Conver de celsius para fahrenheit\Conver de celsius para fahrenheit.csproj", "{942212E8-4F30-4F53-90C5-4AC88AF987C3}"
EndProject
Project("{9A19103F-16F7-4668-BE54-9A1E7A4F7556}") = "Verificador de idade", "Verificador de idade\Verificador de idade.csproj", "{1E23CCC5-28B2-434F-B06B-BE69B9C0C285}"
EndProject
Project("{9A19103F-16F7-4668-BE54-9A1E7A4F7556}") = "Media Salarial", "Media Salarial\Media Salarial.csproj", "{F9856690-0303-4FBC-97EA-B7C87C899A5B}"
EndProject
Project("{FAE04EC0-301F-11D3-BF4B-00C04F79EFBC}") = "Area-Retangulo", "Area-Retangulo\Area-Retangulo.csproj", "{B48E9CAD-5DBA-4B07-A678-D1DC288DB5B6}"
EndProject
Global
	GlobalSection(SolutionConfigurationPlatforms) = preSolution
		Debug|Any CPU = Debug|Any CPU
		Release|Any CPU = Release|Any CPU
	EndGlobalSection
	GlobalSection(ProjectConfigurationPlatforms) = postSolution
		{09B8B8C4-3306-4BFB-8090-F63C3BD2BA7A}.Debug|Any CPU.ActiveCfg = Debug|Any CPU
		{09B8B8C4-3306-4BFB-8090-F63C3BD2BA7A}.Debug|Any CPU.Build.0 = Debug|Any CPU
		{09B8B8C4-3306-4BFB-8090-F63C3BD2BA7A}.Release|Any CPU.ActiveCfg = Release|Any CPU
		{09B8B8C4-3306-4BFB-8090-F63C3BD2BA7A}.Release|Any CPU.Build.0 = Release|Any CPU
		{5FD57C3F-05B9-4ACD-A966-9709ED4F5646}.Debug|Any CPU.ActiveCfg = Debug|Any CPU
		{5FD57C3F-05B9-4ACD-A966-9709ED4F5646}.Debug|Any CPU.Build.0 = Debug|Any CPU
		{5FD57C3F-05B9-4ACD-A966-9709ED4F5646}.Release|Any CPU.ActiveCfg = Release|Any CPU
		{5FD57C3F-05B9-4ACD-A966-9709ED4F5646}.Release|Any CPU.Build.0 = Release|Any CPU
		{D143BE0C-DFB4-40C6-8AA6-3D7ADF814A7F}.Debug|Any CPU.ActiveCfg = Debug|Any CPU
		{D143BE0C-DFB4-40C6-8AA6-3D7ADF814A7F}.Debug|Any CPU.Build.0 = Debug|Any CPU
		{D143BE0C-DFB4-40C6-8AA6-3D7ADF814A7F}.Release|Any CPU.ActiveCfg = Release|Any CPU
		{D143BE0C-DFB4-40C6-8AA6-3D7ADF814A7F}.Release|Any CPU.Build.0 = Release|Any CPU
		{942212E8-4F30-4F53-90C5-4AC88AF987C3}.Debug|Any CPU.ActiveCfg = Debug|Any CPU
		{942212E8-4F30-4F53-90C5-4AC88AF987C3}.Debug|Any CPU.Build.0 = Debug|Any CPU
		{942212E8-4F30-4F53-90C5-4AC88AF987C3}.Release|Any CPU.ActiveCfg = Release|Any CPU
		{942212E8-4F30-4F53-90C5-4AC88AF987C3}.Release|Any CPU.Build.0 = Release|Any CPU
		{1E23CCC5-28B2-434F-B06B-BE69B9C0C285}.Debug|Any CPU.ActiveCfg = Debug|Any CPU
		{1E23CCC5-28B2-434F-B06B-BE69B9C0C285}.Debug|Any CPU.Build.0 = Debug|Any CPU
		{1E23CCC5-28B2-434F-B06B-BE69B9C0C285}.Release|Any CPU.ActiveCfg = Release|Any CPU
		{1E23CCC5-28B2-434F-B06B-BE69B9C0C285}.Release|Any CPU.Build.0 = Release|Any CPU
		{F9856690-0303-4FBC-97EA-B7C87C899A5B}.Debug|Any CPU.ActiveCfg = Debug|Any CPU
		{F9856690-0303-4FBC-97EA-B7C87C899A5B}.Debug|Any CPU.Build.0 = Debug|Any CPU
		{F9856690-0303-4FBC-97EA-B7C87C899A5B}.Release|Any CPU.ActiveCfg = Release|Any CPU
		{F9856690-0303-4FBC-97EA-B7C87C899A5B}.Release|Any CPU.Build.0 = Release|Any CPU
		{B48E9CAD-5DBA-4B07-A678-D1DC288DB5B6}.Debug|Any CPU.ActiveCfg = Debug|Any CPU
		{B48E9CAD-5DBA-4B07-A678-D1DC288DB5B6}.Debug|Any CPU.Build.0 = Debug|Any CPU
		{B48E9CAD-5DBA-4B07-A678-D1DC288DB5B6}.Release|Any CPU.ActiveCfg = Release|Any CPU
		{B48E9CAD-5DBA-4B07-A678-D1DC288DB5B6}.Release|Any CPU.Build.0 = Release|Any CPU
	EndGlobalSection
	GlobalSection(SolutionProperties) = preSolution
		HideSolutionNode = FALSE
	EndGlobalSection
	GlobalSection(ExtensibilityGlobals) = postSolution
		SolutionGuid = {0D458F27-9556-4D5E-93AB-86221A04C9ED}
	EndGlobalSection
EndGlobal
